
Microsoft Visual Studio Solution File, Format Version 12.00
# Visual Studio 15
VisualStudioVersion = 15.0.27130.2024
MinimumVisualStudioVersion = 15.0.26124.0
Project("{2150E333-8FDC-42A3-9474-1A3956D46DE8}") = "Build", "Build", "{2B664350-E227-46B3-ABD9-BE8D00711336}"
	ProjectSection(SolutionItems) = preProject
		Directory.Build.props = Directory.Build.props
		Directory.Build.targets = Directory.Build.targets
		..\Packages.props = ..\Packages.props
	EndProjectSection
EndProject
Project("{2150E333-8FDC-42A3-9474-1A3956D46DE8}") = "Modules", "Modules", "{5415F49F-DA43-46A7-B9AD-C48A42E14C69}"
EndProject
Project("{2150E333-8FDC-42A3-9474-1A3956D46DE8}") = "ISE", "ISE", "{2AD7AECF-F8EA-477A-8D84-4AEB49C98A2F}"
EndProject
Project("{9A19103F-16F7-4668-BE54-9A1E7A4F7556}") = "Infrastructure", "Infrastructure\Infrastructure.csproj", "{17DF56DD-6A63-40D7-A831-29068D832C22}"
EndProject
Project("{FAE04EC0-301F-11D3-BF4B-00C04F79EFBC}") = "PowerShell.EditorFeatures.UI", "PowerShell.EditorFeatures.UI\PowerShell.EditorFeatures.UI.csproj", "{D494022C-C163-42A0-AC6E-BCCC395330AA}"
EndProject
Project("{2150E333-8FDC-42A3-9474-1A3956D46DE8}") = "Setup", "Setup", "{FBFC7671-013F-47C5-802C-A1ADA861A1FF}"
EndProject
Project("{930C7802-8A8C-48F9-8165-68863BCCD9DD}") = "PSInstaller", "Setup\PSInstaller\PSInstaller.wixproj", "{36F801A6-D06C-4603-B386-F5DD467AB908}"
EndProject
Global
	GlobalSection(SolutionConfigurationPlatforms) = preSolution
		Debug|Any CPU = Debug|Any CPU
		Debug|x86 = Debug|x86
		Exp|Any CPU = Exp|Any CPU
		Exp|x86 = Exp|x86
		Release|Any CPU = Release|Any CPU
		Release|x86 = Release|x86
	EndGlobalSection
	GlobalSection(ProjectConfigurationPlatforms) = postSolution
		{17DF56DD-6A63-40D7-A831-29068D832C22}.Debug|Any CPU.ActiveCfg = Debug|Any CPU
		{17DF56DD-6A63-40D7-A831-29068D832C22}.Debug|Any CPU.Build.0 = Debug|Any CPU
		{17DF56DD-6A63-40D7-A831-29068D832C22}.Debug|x86.ActiveCfg = Debug|Any CPU
		{17DF56DD-6A63-40D7-A831-29068D832C22}.Debug|x86.Build.0 = Debug|Any CPU
		{17DF56DD-6A63-40D7-A831-29068D832C22}.Exp|Any CPU.ActiveCfg = Release|Any CPU
		{17DF56DD-6A63-40D7-A831-29068D832C22}.Exp|Any CPU.Build.0 = Release|Any CPU
		{17DF56DD-6A63-40D7-A831-29068D832C22}.Exp|x86.ActiveCfg = Release|Any CPU
		{17DF56DD-6A63-40D7-A831-29068D832C22}.Exp|x86.Build.0 = Release|Any CPU
		{17DF56DD-6A63-40D7-A831-29068D832C22}.Release|Any CPU.ActiveCfg = Release|Any CPU
		{17DF56DD-6A63-40D7-A831-29068D832C22}.Release|Any CPU.Build.0 = Release|Any CPU
		{17DF56DD-6A63-40D7-A831-29068D832C22}.Release|x86.ActiveCfg = Release|Any CPU
		{17DF56DD-6A63-40D7-A831-29068D832C22}.Release|x86.Build.0 = Release|Any CPU
		{D494022C-C163-42A0-AC6E-BCCC395330AA}.Debug|Any CPU.ActiveCfg = Debug|Any CPU
		{D494022C-C163-42A0-AC6E-BCCC395330AA}.Debug|Any CPU.Build.0 = Debug|Any CPU
		{D494022C-C163-42A0-AC6E-BCCC395330AA}.Debug|x86.ActiveCfg = Debug|Any CPU
		{D494022C-C163-42A0-AC6E-BCCC395330AA}.Debug|x86.Build.0 = Debug|Any CPU
		{D494022C-C163-42A0-AC6E-BCCC395330AA}.Exp|Any CPU.ActiveCfg = Exp|Any CPU
		{D494022C-C163-42A0-AC6E-BCCC395330AA}.Exp|Any CPU.Build.0 = Exp|Any CPU
		{D494022C-C163-42A0-AC6E-BCCC395330AA}.Exp|x86.ActiveCfg = Exp|Any CPU
		{D494022C-C163-42A0-AC6E-BCCC395330AA}.Exp|x86.Build.0 = Exp|Any CPU
		{D494022C-C163-42A0-AC6E-BCCC395330AA}.Release|Any CPU.ActiveCfg = Release|Any CPU
		{D494022C-C163-42A0-AC6E-BCCC395330AA}.Release|Any CPU.Build.0 = Release|Any CPU
		{D494022C-C163-42A0-AC6E-BCCC395330AA}.Release|x86.ActiveCfg = Release|Any CPU
		{D494022C-C163-42A0-AC6E-BCCC395330AA}.Release|x86.Build.0 = Release|Any CPU
		{36F801A6-D06C-4603-B386-F5DD467AB908}.Debug|Any CPU.ActiveCfg = Debug|x86
		{36F801A6-D06C-4603-B386-F5DD467AB908}.Debug|Any CPU.Build.0 = Debug|x86
		{36F801A6-D06C-4603-B386-F5DD467AB908}.Debug|x86.ActiveCfg = Debug|x86
		{36F801A6-D06C-4603-B386-F5DD467AB908}.Debug|x86.Build.0 = Debug|x86
		{36F801A6-D06C-4603-B386-F5DD467AB908}.Exp|Any CPU.ActiveCfg = Exp|x86
		{36F801A6-D06C-4603-B386-F5DD467AB908}.Exp|x86.ActiveCfg = Exp|x86
		{36F801A6-D06C-4603-B386-F5DD467AB908}.Exp|x86.Build.0 = Exp|x86
		{36F801A6-D06C-4603-B386-F5DD467AB908}.Release|Any CPU.ActiveCfg = Release|x86
		{36F801A6-D06C-4603-B386-F5DD467AB908}.Release|x86.ActiveCfg = Release|x86
		{36F801A6-D06C-4603-B386-F5DD467AB908}.Release|x86.Build.0 = Release|x86
	EndGlobalSection
	GlobalSection(SolutionProperties) = preSolution
		HideSolutionNode = FALSE
	EndGlobalSection
	GlobalSection(NestedProjects) = preSolution
		{17DF56DD-6A63-40D7-A831-29068D832C22} = {5415F49F-DA43-46A7-B9AD-C48A42E14C69}
		{D494022C-C163-42A0-AC6E-BCCC395330AA} = {2AD7AECF-F8EA-477A-8D84-4AEB49C98A2F}
		{36F801A6-D06C-4603-B386-F5DD467AB908} = {FBFC7671-013F-47C5-802C-A1ADA861A1FF}
	EndGlobalSection
	GlobalSection(ExtensibilityGlobals) = postSolution
		SolutionGuid = {A7A4EA60-E5A2-40D5-9E8D-0AB28E23A115}
	EndGlobalSection
EndGlobal
